
Microsoft Visual Studio Solution File, Format Version 12.00
# Visual Studio 2012
Project("{8BC9CEB8-8B4A-11D0-8D11-00A0C91BC942}") = "Bank_Account", "Bank_Account\Bank_Account.vcxproj", "{1943444D-D721-4B6C-ACE4-D3351A326273}"
EndProject
Project("{8BC9CEB8-8B4A-11D0-8D11-00A0C91BC942}") = "Stack_class", "Stack_class\Stack_class.vcxproj", "{D4C16B28-F4AE-431A-928D-7FB2F4203D91}"
EndProject
Project("{8BC9CEB8-8B4A-11D0-8D11-00A0C91BC942}") = "IntArray", "IntArray\IntArray.vcxproj", "{F912BEA7-68F3-4F1B-BA09-61164D1F5D35}"
EndProject
Project("{8BC9CEB8-8B4A-11D0-8D11-00A0C91BC942}") = "Singleton", "Singleton\Singleton.vcxproj", "{E8B8D0E7-8072-4A91-84D1-931EBEDF9B78}"
EndProject
Project("{8BC9CEB8-8B4A-11D0-8D11-00A0C91BC942}") = "Vector_2D", "Vector_2D\Vector_2D.vcxproj", "{6A87B315-74E2-4439-92DA-F8E2C11BE47F}"
EndProject
Project("{8BC9CEB8-8B4A-11D0-8D11-00A0C91BC942}") = "Human_inheritance", "Human_inheritance\Human_inheritance.vcxproj", "{B2613F77-7524-4485-A9A0-8CD74A667FDB}"
EndProject
Project("{8BC9CEB8-8B4A-11D0-8D11-00A0C91BC942}") = "Shapes", "Shapes\Shapes.vcxproj", "{22F06068-893C-43EA-9D70-CA86A2A2BBFC}"
EndProject
Project("{8BC9CEB8-8B4A-11D0-8D11-00A0C91BC942}") = "template_array", "template_array\template_array.vcxproj", "{90D9D88D-69A3-4A21-9288-6A0327AA234D}"
EndProject
Global
	GlobalSection(SolutionConfigurationPlatforms) = preSolution
		Debug|Win32 = Debug|Win32
		Release|Win32 = Release|Win32
	EndGlobalSection
	GlobalSection(ProjectConfigurationPlatforms) = postSolution
		{1943444D-D721-4B6C-ACE4-D3351A326273}.Debug|Win32.ActiveCfg = Debug|Win32
		{1943444D-D721-4B6C-ACE4-D3351A326273}.Debug|Win32.Build.0 = Debug|Win32
		{1943444D-D721-4B6C-ACE4-D3351A326273}.Release|Win32.ActiveCfg = Release|Win32
		{1943444D-D721-4B6C-ACE4-D3351A326273}.Release|Win32.Build.0 = Release|Win32
		{D4C16B28-F4AE-431A-928D-7FB2F4203D91}.Debug|Win32.ActiveCfg = Debug|Win32
		{D4C16B28-F4AE-431A-928D-7FB2F4203D91}.Debug|Win32.Build.0 = Debug|Win32
		{D4C16B28-F4AE-431A-928D-7FB2F4203D91}.Release|Win32.ActiveCfg = Release|Win32
		{D4C16B28-F4AE-431A-928D-7FB2F4203D91}.Release|Win32.Build.0 = Release|Win32
		{F912BEA7-68F3-4F1B-BA09-61164D1F5D35}.Debug|Win32.ActiveCfg = Debug|Win32
		{F912BEA7-68F3-4F1B-BA09-61164D1F5D35}.Debug|Win32.Build.0 = Debug|Win32
		{F912BEA7-68F3-4F1B-BA09-61164D1F5D35}.Release|Win32.ActiveCfg = Release|Win32
		{F912BEA7-68F3-4F1B-BA09-61164D1F5D35}.Release|Win32.Build.0 = Release|Win32
		{E8B8D0E7-8072-4A91-84D1-931EBEDF9B78}.Debug|Win32.ActiveCfg = Debug|Win32
		{E8B8D0E7-8072-4A91-84D1-931EBEDF9B78}.Debug|Win32.Build.0 = Debug|Win32
		{E8B8D0E7-8072-4A91-84D1-931EBEDF9B78}.Release|Win32.ActiveCfg = Release|Win32
		{E8B8D0E7-8072-4A91-84D1-931EBEDF9B78}.Release|Win32.Build.0 = Release|Win32
		{6A87B315-74E2-4439-92DA-F8E2C11BE47F}.Debug|Win32.ActiveCfg = Debug|Win32
		{6A87B315-74E2-4439-92DA-F8E2C11BE47F}.Debug|Win32.Build.0 = Debug|Win32
		{6A87B315-74E2-4439-92DA-F8E2C11BE47F}.Release|Win32.ActiveCfg = Release|Win32
		{6A87B315-74E2-4439-92DA-F8E2C11BE47F}.Release|Win32.Build.0 = Release|Win32
		{B2613F77-7524-4485-A9A0-8CD74A667FDB}.Debug|Win32.ActiveCfg = Debug|Win32
		{B2613F77-7524-4485-A9A0-8CD74A667FDB}.Debug|Win32.Build.0 = Debug|Win32
		{B2613F77-7524-4485-A9A0-8CD74A667FDB}.Release|Win32.ActiveCfg = Release|Win32
		{B2613F77-7524-4485-A9A0-8CD74A667FDB}.Release|Win32.Build.0 = Release|Win32
		{22F06068-893C-43EA-9D70-CA86A2A2BBFC}.Debug|Win32.ActiveCfg = Debug|Win32
		{22F06068-893C-43EA-9D70-CA86A2A2BBFC}.Debug|Win32.Build.0 = Debug|Win32
		{22F06068-893C-43EA-9D70-CA86A2A2BBFC}.Release|Win32.ActiveCfg = Release|Win32
		{22F06068-893C-43EA-9D70-CA86A2A2BBFC}.Release|Win32.Build.0 = Release|Win32
		{90D9D88D-69A3-4A21-9288-6A0327AA234D}.Debug|Win32.ActiveCfg = Debug|Win32
		{90D9D88D-69A3-4A21-9288-6A0327AA234D}.Debug|Win32.Build.0 = Debug|Win32
		{90D9D88D-69A3-4A21-9288-6A0327AA234D}.Release|Win32.ActiveCfg = Release|Win32
		{90D9D88D-69A3-4A21-9288-6A0327AA234D}.Release|Win32.Build.0 = Release|Win32
	EndGlobalSection
	GlobalSection(SolutionProperties) = preSolution
		HideSolutionNode = FALSE
	EndGlobalSection
EndGlobal
